meta:
  schema_version: 3
  generated_at_utc: 2026-04-29T00:00:00Z
  purpose: pinned upstream source contract for committed parity fixtures
repositories:
- id: cow-sdk
  remote: https://github.com/cowprotocol/cow-sdk.git
  commit: 00c3dbd41c086ff9a51d5e5a30648615d4c66d0d
  role: primary
  optional_local_path: <cow-sdk-checkout>
  producer_paths:
  - packages/common/src/adapters/AbstractSigner.ts
  - packages/common/src/adapters/AbstractProviderAdapter.ts
  - packages/common/src/utils/address.ts
  - packages/common/src/utils/address.test.ts
  - packages/common/src/utils/token.ts
  - packages/common/src/utils/token.test.ts
  - packages/config/src/types/configs.ts
  - packages/config/src/chains/types.ts
  - packages/config/src/constants/addresses.ts
  - packages/config/src/constants/wrappedTokens.ts
  - packages/trading/src/index.ts
  - packages/trading/src/types.ts
  - packages/trading/src/appDataUtils.ts
  - packages/trading/src/appDataUtils.test.ts
  - packages/trading/src/getQuote.ts
  - packages/trading/src/getQuote.test.ts
  - packages/trading/src/getOrderToSign.ts
  - packages/trading/src/getOrderToSign.test.ts
  - packages/trading/src/getOrderTypedData.ts
  - packages/trading/src/getOrderTypedData.test.ts
  - packages/trading/src/calculateUniqueOrderId.ts
  - packages/trading/src/calculateUniqueOrderId.test.ts
  - packages/trading/src/getSettlementContract.ts
  - packages/trading/src/getSettlementContract.test.ts
  - packages/trading/src/getPreSignTransaction.ts
  - packages/trading/src/getPreSignTransaction.test.ts
  - packages/trading/src/getEthFlowTransaction.ts
  - packages/trading/src/getEthFlowTransaction.test.ts
  - packages/trading/src/onChainCancellation.ts
  - packages/trading/src/onChainCancellation.test.ts
  - packages/trading/src/postCoWProtocolTrade.ts
  - packages/trading/src/postCoWProtocolTrade.test.ts
  - packages/trading/src/postLimitOrder.ts
  - packages/trading/src/postLimitOrder.test.ts
  - packages/trading/src/postSellNativeCurrencyOrder.ts
  - packages/trading/src/postSellNativeCurrencyOrder.test.ts
  - packages/trading/src/postSwapOrder.ts
  - packages/trading/src/postSwapOrder.test.ts
  - packages/trading/src/resolveSlippageSuggestion.ts
  - packages/trading/src/resolveSlippageSuggestion.test.ts
  - packages/trading/src/suggestSlippageBps.ts
  - packages/trading/src/suggestSlippageBps.test.ts
  - packages/trading/src/suggestSlippageFromFee.ts
  - packages/trading/src/suggestSlippageFromFee.test.ts
  - packages/trading/src/suggestSlippageFromVolume.ts
  - packages/trading/src/suggestSlippageFromVolume.test.ts
  - packages/trading/src/tradingSdk.ts
  - packages/trading/src/tradingSdk.test.ts
  - packages/order-signing/src/orderSigningUtils.ts
  - packages/order-signing/src/utils.ts
  - packages/order-signing/src/types.ts
  - packages/order-signing/tests/orderSigningUtils.test.ts
  - packages/order-book/src/api.ts
  - packages/order-book/src/api.spec.ts
  - packages/order-book/src/request.ts
  - packages/order-book/src/request.test.ts
  - packages/order-book/src/transformOrder.ts
  - packages/order-book/src/transformOrder.test.ts
  - packages/order-book/src/types.ts
  - packages/contracts-ts/src/ContractsTs.ts
  - packages/contracts-ts/src/types.ts
  - packages/contracts-ts/src/order.ts
  - packages/contracts-ts/src/sign.ts
  - packages/contracts-ts/src/settlement.ts
  - packages/contracts-ts/src/swap.ts
  - packages/contracts-ts/src/interaction.ts
  - packages/contracts-ts/src/proxy.ts
  - packages/contracts-ts/src/vault.ts
  - packages/contracts-ts/src/reader.ts
  - packages/contracts-ts/tests/order.test.ts
  - packages/contracts-ts/tests/order-processing.test.ts
  - packages/contracts-ts/tests/settlement.test.ts
  - packages/contracts-ts/tests/signature.test.ts
  - packages/contracts-ts/tests/deployment.test.ts
  - packages/contracts-ts/tests/vault.test.ts
  - packages/contracts-ts/tests/reader.test.ts
  - packages/app-data/src/api/appDataHexToCid.ts
  - packages/app-data/src/mocks.ts
  - packages/app-data/src/api/appDataHexToCid.spec.ts
  - packages/app-data/src/api/cidToAppDataHex.ts
  - packages/app-data/src/api/cidToAppDataHex.test.ts
  - packages/app-data/src/api/generateAppDataDoc.ts
  - packages/app-data/src/api/generateAppDataDoc.spec.ts
  - packages/app-data/src/api/getAppDataInfo.ts
  - packages/app-data/src/api/getAppDataInfo.spec.ts
  - packages/app-data/src/api/getAppDataSchema.ts
  - packages/app-data/src/api/getAppDataSchema.spec.ts
  - packages/app-data/src/api/validateAppDataDoc.ts
  - packages/app-data/src/api/validateAppDataDoc.spec.ts
  - packages/app-data/src/api/fetchDocFromCid.ts
  - packages/app-data/src/api/fetchDocFromCid.spec.ts
  - packages/app-data/src/api/fetchDocFromAppData.ts
  - packages/app-data/src/api/fetchDocFromAppData.spec.ts
  - packages/app-data/src/api/uploadMetadataDocToIpfsLegacy.ts
  - packages/app-data/src/api/uploadMetadataDocToIpfsLegacy.spec.ts
  - packages/app-data/src/types.ts
  - packages/app-data/src/consts.ts
  - packages/app-data/src/importSchema.ts
  - packages/app-data/src/utils/ipfs.ts
  - packages/app-data/src/utils/stringify.ts
  - packages/app-data/src/generatedTypes/index.ts
  - packages/app-data/src/generatedTypes/latest.ts
  - packages/app-data/test/schema.spec.ts
  - packages/app-data/test/schema-1.5.0.spec.ts
  - packages/app-data/test/flashloan-v1.7.0.spec.ts
  - packages/app-data/test/wrappers.v1.13.0.spec.ts
  - packages/subgraph/src/api.ts
  - packages/subgraph/src/api.spec.ts
  - packages/subgraph/src/graphql.ts
  - packages/subgraph/src/queries.ts
  - packages/sdk/src/index.ts
  - packages/sdk/src/typedoc-entry.ts
  - packages/sdk/package.json
  - packages/sdk/README.md
- id: contracts
  remote: https://github.com/cowprotocol/contracts.git
  commit: c94c595a791681cf8ba7495117dcde397b932885
  role: primary
  optional_local_path: <contracts-checkout>
  producer_paths:
  - src/ts/order.ts
  - src/ts/sign.ts
  - src/ts/settlement.ts
  - src/ts/swap.ts
  - src/ts/interaction.ts
  - src/ts/vault.ts
  - src/ts/proxy.ts
  - test/GPv2Order/PackOrderUidParams.t.sol
  - test/GPv2Order/ExtractOrderUidParams.t.sol
  - test/GPv2Trade/ExtractFlags.t.sol
  - test/GPv2Trade/ExtractOrder.t.sol
  - test/GPv2Settlement/OrderRefunds.t.sol
  - test/GPv2Settlement/Swap/Swap.t.sol
- id: services
  remote: https://github.com/cowprotocol/services.git
  commit: 0720b9bc15138ecc362078f505d0e3ba1c7b9883
  role: reference-only
  optional_local_path: <services-checkout>
  producer_paths:
  - crates/orderbook/openapi.yml
  - crates/shared/src/order_validation.rs
  - crates/orderbook/src/app_data.rs
- id: alloy
  remote: https://github.com/alloy-rs/alloy.git
  commit: f3fe4cfff0553e9e234a53208bb69b7c222c66e5
  role: dependency
  optional_local_path: <alloy-checkout>
  producer_paths:
  - Cargo.toml
  - crates/consensus/src/lib.rs
  - crates/json-rpc/src/lib.rs
  - crates/network/src/lib.rs
  - crates/provider/src/lib.rs
  - crates/rpc-types-eth/src/lib.rs
  - crates/signer/src/lib.rs
  - crates/signer-local/src/lib.rs
  - crates/transport/src/lib.rs
  - crates/transport-http/src/lib.rs
- id: alloy-core
  remote: https://github.com/alloy-rs/core.git
  commit: e6b30e4c2407cd1d2ea93e79f2768e5a4f21d266
  role: dependency
  optional_local_path: <alloy-core-checkout>
  producer_paths:
  - Cargo.toml
  - crates/dyn-abi/src/lib.rs
  - crates/json-abi/src/lib.rs
  - crates/primitives/src/lib.rs
  - crates/sol-macro/src/lib.rs
  - crates/sol-types/src/lib.rs
fixtures:
- surface: core
  file: parity/fixtures/core.json
  source_refs:
  - repo: cow-sdk
    path: packages/common/src/adapters/AbstractSigner.ts
  - repo: cow-sdk
    path: packages/common/src/adapters/AbstractProviderAdapter.ts
  - repo: cow-sdk
    path: packages/common/src/utils/address.ts
  - repo: cow-sdk
    path: packages/common/src/utils/address.test.ts
  - repo: cow-sdk
    path: packages/common/src/utils/token.ts
  - repo: cow-sdk
    path: packages/common/src/utils/token.test.ts
  - repo: cow-sdk
    path: packages/config/src/types/configs.ts
  - repo: cow-sdk
    path: packages/config/src/chains/types.ts
  - repo: cow-sdk
    path: packages/config/src/constants/addresses.ts
  - repo: cow-sdk
    path: packages/config/src/constants/wrappedTokens.ts
  - repo: cow-sdk
    path: packages/order-signing/src/types.ts
  - repo: cow-sdk
    path: packages/order-book/src/types.ts
  - repo: contracts
    path: src/ts/order.ts
- surface: contracts
  file: parity/fixtures/contracts.json
  source_refs:
  - repo: contracts
    path: src/ts/order.ts
  - repo: contracts
    path: src/ts/sign.ts
  - repo: contracts
    path: src/ts/settlement.ts
  - repo: contracts
    path: src/ts/swap.ts
  - repo: contracts
    path: src/ts/interaction.ts
  - repo: contracts
    path: src/ts/vault.ts
  - repo: contracts
    path: src/ts/proxy.ts
  - repo: contracts
    path: test/GPv2Order/PackOrderUidParams.t.sol
  - repo: contracts
    path: test/GPv2Order/ExtractOrderUidParams.t.sol
  - repo: contracts
    path: test/GPv2Trade/ExtractFlags.t.sol
  - repo: contracts
    path: test/GPv2Trade/ExtractOrder.t.sol
  - repo: contracts
    path: test/GPv2Settlement/OrderRefunds.t.sol
  - repo: contracts
    path: test/GPv2Settlement/Swap/Swap.t.sol
  - repo: cow-sdk
    path: packages/contracts-ts/src/order.ts
  - repo: cow-sdk
    path: packages/contracts-ts/src/sign.ts
  - repo: cow-sdk
    path: packages/contracts-ts/src/settlement.ts
  - repo: cow-sdk
    path: packages/contracts-ts/src/swap.ts
  - repo: cow-sdk
    path: packages/contracts-ts/src/interaction.ts
  - repo: cow-sdk
    path: packages/contracts-ts/src/proxy.ts
  - repo: cow-sdk
    path: packages/contracts-ts/src/vault.ts
  - repo: cow-sdk
    path: packages/contracts-ts/src/reader.ts
  - repo: cow-sdk
    path: packages/contracts-ts/tests/order.test.ts
  - repo: cow-sdk
    path: packages/contracts-ts/tests/order-processing.test.ts
  - repo: cow-sdk
    path: packages/contracts-ts/tests/settlement.test.ts
  - repo: cow-sdk
    path: packages/contracts-ts/tests/signature.test.ts
  - repo: cow-sdk
    path: packages/contracts-ts/tests/deployment.test.ts
  - repo: cow-sdk
    path: packages/contracts-ts/tests/vault.test.ts
  - repo: cow-sdk
    path: packages/contracts-ts/tests/reader.test.ts
- surface: signing
  file: parity/fixtures/signing.json
  source_refs:
  - repo: cow-sdk
    path: packages/order-signing/src/orderSigningUtils.ts
  - repo: cow-sdk
    path: packages/order-signing/src/utils.ts
  - repo: cow-sdk
    path: packages/order-signing/src/types.ts
  - repo: cow-sdk
    path: packages/order-signing/tests/orderSigningUtils.test.ts
  - repo: cow-sdk
    path: packages/trading/src/getOrderTypedData.ts
  - repo: cow-sdk
    path: packages/trading/src/getOrderTypedData.test.ts
  - repo: cow-sdk
    path: packages/trading/src/calculateUniqueOrderId.ts
  - repo: cow-sdk
    path: packages/trading/src/calculateUniqueOrderId.test.ts
  - repo: contracts
    path: src/ts/order.ts
  - repo: contracts
    path: src/ts/sign.ts
- surface: app-data
  file: parity/fixtures/app-data.json
  source_refs:
  - repo: cow-sdk
    path: packages/app-data/src/api/appDataHexToCid.ts
  - repo: cow-sdk
    path: packages/app-data/src/api/appDataHexToCid.spec.ts
  - repo: cow-sdk
    path: packages/app-data/src/api/cidToAppDataHex.ts
  - repo: cow-sdk
    path: packages/app-data/src/api/cidToAppDataHex.test.ts
  - repo: cow-sdk
    path: packages/app-data/src/api/generateAppDataDoc.ts
  - repo: cow-sdk
    path: packages/app-data/src/api/generateAppDataDoc.spec.ts
  - repo: cow-sdk
    path: packages/app-data/src/api/getAppDataInfo.ts
  - repo: cow-sdk
    path: packages/app-data/src/api/getAppDataInfo.spec.ts
  - repo: cow-sdk
    path: packages/app-data/src/api/getAppDataSchema.ts
  - repo: cow-sdk
    path: packages/app-data/src/api/getAppDataSchema.spec.ts
  - repo: cow-sdk
    path: packages/app-data/src/api/validateAppDataDoc.ts
  - repo: cow-sdk
    path: packages/app-data/src/api/validateAppDataDoc.spec.ts
  - repo: cow-sdk
    path: packages/app-data/src/api/fetchDocFromCid.ts
  - repo: cow-sdk
    path: packages/app-data/src/api/fetchDocFromCid.spec.ts
  - repo: cow-sdk
    path: packages/app-data/src/api/fetchDocFromAppData.ts
  - repo: cow-sdk
    path: packages/app-data/src/api/fetchDocFromAppData.spec.ts
  - repo: cow-sdk
    path: packages/app-data/src/api/uploadMetadataDocToIpfsLegacy.ts
  - repo: cow-sdk
    path: packages/app-data/src/api/uploadMetadataDocToIpfsLegacy.spec.ts
  - repo: cow-sdk
    path: packages/app-data/src/types.ts
  - repo: cow-sdk
    path: packages/app-data/src/consts.ts
  - repo: cow-sdk
    path: packages/app-data/src/importSchema.ts
  - repo: cow-sdk
    path: packages/app-data/src/utils/ipfs.ts
  - repo: cow-sdk
    path: packages/app-data/src/utils/stringify.ts
  - repo: cow-sdk
    path: packages/app-data/src/generatedTypes/index.ts
  - repo: cow-sdk
    path: packages/app-data/src/generatedTypes/latest.ts
  - repo: cow-sdk
    path: packages/app-data/src/mocks.ts
  - repo: cow-sdk
    path: packages/app-data/test/schema.spec.ts
  - repo: cow-sdk
    path: packages/app-data/test/schema-1.5.0.spec.ts
  - repo: cow-sdk
    path: packages/app-data/test/flashloan-v1.7.0.spec.ts
  - repo: cow-sdk
    path: packages/app-data/test/wrappers.v1.13.0.spec.ts
- surface: orderbook
  file: parity/fixtures/orderbook.json
  source_refs:
  - repo: cow-sdk
    path: packages/order-book/src/api.ts
  - repo: cow-sdk
    path: packages/order-book/src/api.spec.ts
  - repo: cow-sdk
    path: packages/order-book/src/request.ts
  - repo: cow-sdk
    path: packages/order-book/src/request.test.ts
  - repo: cow-sdk
    path: packages/order-book/src/transformOrder.ts
  - repo: cow-sdk
    path: packages/order-book/src/transformOrder.test.ts
  - repo: cow-sdk
    path: packages/order-book/src/types.ts
  - repo: services
    path: crates/orderbook/openapi.yml
  - repo: services
    path: crates/shared/src/order_validation.rs
  - repo: services
    path: crates/orderbook/src/app_data.rs
- surface: orderbook-request-order-creation
  file: parity/fixtures/orderbook-requests/order_creation.json
  source_refs:
  - repo: services
    path: crates/orderbook/openapi.yml
  - repo: services
    path: crates/shared/src/order_validation.rs
- surface: orderbook-request-order-quote
  file: parity/fixtures/orderbook-requests/order_quote_request.json
  source_refs:
  - repo: services
    path: crates/orderbook/openapi.yml
- surface: orderbook-request-app-data-put
  file: parity/fixtures/orderbook-requests/app_data_put.json
  source_refs:
  - repo: services
    path: crates/orderbook/openapi.yml
  - repo: services
    path: crates/orderbook/src/app_data.rs
- surface: orderbook-request-cancellations
  file: parity/fixtures/orderbook-requests/order_cancellations.json
  source_refs:
  - repo: services
    path: crates/orderbook/openapi.yml
- surface: trading
  file: parity/fixtures/trading.json
  source_refs:
  - repo: cow-sdk
    path: packages/trading/src/index.ts
  - repo: cow-sdk
    path: packages/trading/src/types.ts
  - repo: cow-sdk
    path: packages/trading/src/appDataUtils.ts
  - repo: cow-sdk
    path: packages/trading/src/appDataUtils.test.ts
  - repo: cow-sdk
    path: packages/trading/src/getQuote.ts
  - repo: cow-sdk
    path: packages/trading/src/getQuote.test.ts
  - repo: cow-sdk
    path: packages/trading/src/getOrderToSign.ts
  - repo: cow-sdk
    path: packages/trading/src/getOrderToSign.test.ts
  - repo: cow-sdk
    path: packages/trading/src/postSwapOrder.ts
  - repo: cow-sdk
    path: packages/trading/src/postSwapOrder.test.ts
  - repo: cow-sdk
    path: packages/trading/src/postCoWProtocolTrade.ts
  - repo: cow-sdk
    path: packages/trading/src/postCoWProtocolTrade.test.ts
  - repo: cow-sdk
    path: packages/trading/src/postLimitOrder.ts
  - repo: cow-sdk
    path: packages/trading/src/postLimitOrder.test.ts
  - repo: cow-sdk
    path: packages/trading/src/postSellNativeCurrencyOrder.ts
  - repo: cow-sdk
    path: packages/trading/src/postSellNativeCurrencyOrder.test.ts
  - repo: cow-sdk
    path: packages/trading/src/getOrderTypedData.test.ts
  - repo: cow-sdk
    path: packages/trading/src/getPreSignTransaction.ts
  - repo: cow-sdk
    path: packages/trading/src/getPreSignTransaction.test.ts
  - repo: cow-sdk
    path: packages/trading/src/getEthFlowTransaction.ts
  - repo: cow-sdk
    path: packages/trading/src/getEthFlowTransaction.test.ts
  - repo: cow-sdk
    path: packages/trading/src/getSettlementContract.ts
  - repo: cow-sdk
    path: packages/trading/src/getSettlementContract.test.ts
  - repo: cow-sdk
    path: packages/trading/src/onChainCancellation.ts
  - repo: cow-sdk
    path: packages/trading/src/onChainCancellation.test.ts
  - repo: cow-sdk
    path: packages/trading/src/resolveSlippageSuggestion.ts
  - repo: cow-sdk
    path: packages/trading/src/resolveSlippageSuggestion.test.ts
  - repo: cow-sdk
    path: packages/trading/src/suggestSlippageBps.ts
  - repo: cow-sdk
    path: packages/trading/src/suggestSlippageBps.test.ts
  - repo: cow-sdk
    path: packages/trading/src/suggestSlippageFromFee.ts
  - repo: cow-sdk
    path: packages/trading/src/suggestSlippageFromFee.test.ts
  - repo: cow-sdk
    path: packages/trading/src/suggestSlippageFromVolume.ts
  - repo: cow-sdk
    path: packages/trading/src/suggestSlippageFromVolume.test.ts
  - repo: cow-sdk
    path: packages/trading/src/tradingSdk.ts
  - repo: cow-sdk
    path: packages/trading/src/tradingSdk.test.ts
  - repo: cow-sdk
    path: packages/trading/src/calculateUniqueOrderId.test.ts
- surface: subgraph
  file: parity/fixtures/subgraph.json
  source_refs:
  - repo: cow-sdk
    path: packages/subgraph/src/api.ts
  - repo: cow-sdk
    path: packages/subgraph/src/queries.ts
  - repo: cow-sdk
    path: packages/subgraph/src/graphql.ts
  - repo: cow-sdk
    path: packages/subgraph/src/api.spec.ts
- surface: sdk
  file: parity/fixtures/sdk.json
  source_refs:
  - repo: cow-sdk
    path: packages/sdk/src/index.ts
  - repo: cow-sdk
    path: packages/sdk/src/typedoc-entry.ts
  - repo: cow-sdk
    path: packages/sdk/package.json
  - repo: cow-sdk
    path: packages/sdk/README.md
validation:
  standalone_repo_contract:
  - cargo build --workspace
  - cargo test --workspace
  repo_local_publication_contract:
  - cargo parity-validate --source-lock parity/source-lock.yaml
  - cargo package -p cow-sdk-core --allow-dirty
  - cargo package -p cow-sdk-contracts --allow-dirty --config "patch.crates-io.cow-sdk-core.path='crates/core'" --config "patch.crates-io.cow-sdk-orderbook.path='crates/orderbook'" --config "patch.crates-io.cow-sdk-subgraph.path='crates/subgraph'"
  - cargo package -p cow-sdk-app-data --allow-dirty --config "patch.crates-io.cow-sdk-core.path='crates/core'"
  - cargo package -p cow-sdk-orderbook --allow-dirty --config "patch.crates-io.cow-sdk-core.path='crates/core'"
  - cargo package -p cow-sdk-signing --allow-dirty --config "patch.crates-io.cow-sdk-core.path='crates/core'" --config "patch.crates-io.cow-sdk-contracts.path='crates/contracts'"
  - cargo package -p cow-sdk-subgraph --allow-dirty --config "patch.crates-io.cow-sdk-core.path='crates/core'"
  - cargo package -p cow-sdk-transport-wasm --allow-dirty --config "patch.crates-io.cow-sdk-core.path='crates/core'"
  - cargo package -p cow-sdk-trading --allow-dirty --config "patch.crates-io.cow-sdk-core.path='crates/core'" --config "patch.crates-io.cow-sdk-contracts.path='crates/contracts'" --config "patch.crates-io.cow-sdk-signing.path='crates/signing'" --config "patch.crates-io.cow-sdk-app-data.path='crates/app-data'" --config "patch.crates-io.cow-sdk-orderbook.path='crates/orderbook'" --config "patch.crates-io.cow-sdk-transport-wasm.path='crates/transport-wasm'"
  - cargo package -p cow-sdk-alloy-provider --allow-dirty --config "patch.crates-io.cow-sdk-core.path='crates/core'"
  - cargo package -p cow-sdk-alloy-signer --allow-dirty --config "patch.crates-io.cow-sdk-core.path='crates/core'" --config "patch.crates-io.cow-sdk-contracts.path='crates/contracts'"
  - cargo package -p cow-sdk-alloy --allow-dirty --config "patch.crates-io.cow-sdk-core.path='crates/core'" --config "patch.crates-io.cow-sdk-contracts.path='crates/contracts'" --config "patch.crates-io.cow-sdk-alloy-provider.path='crates/alloy-provider'" --config "patch.crates-io.cow-sdk-alloy-signer.path='crates/alloy-signer'"
  - cargo package -p cow-sdk-browser-wallet --allow-dirty --config "patch.crates-io.cow-sdk-core.path='crates/core'"
  - cargo package -p cow-sdk --allow-dirty --config "patch.crates-io.cow-sdk-core.path='crates/core'" --config "patch.crates-io.cow-sdk-contracts.path='crates/contracts'" --config "patch.crates-io.cow-sdk-signing.path='crates/signing'" --config "patch.crates-io.cow-sdk-app-data.path='crates/app-data'" --config "patch.crates-io.cow-sdk-orderbook.path='crates/orderbook'" --config "patch.crates-io.cow-sdk-trading.path='crates/trading'" --config "patch.crates-io.cow-sdk-browser-wallet.path='crates/browser-wallet'" --config "patch.crates-io.cow-sdk-alloy.path='crates/alloy'" --config "patch.crates-io.cow-sdk-alloy-provider.path='crates/alloy-provider'" --config "patch.crates-io.cow-sdk-alloy-signer.path='crates/alloy-signer'"
  pinned_upstream_provenance_contract:
  - cargo parity-provision-upstreams --source-lock parity/source-lock.yaml --output-root <path>
  - cargo parity-validate --source-lock parity/source-lock.yaml --cow-sdk-root <path>/cow-sdk --contracts-root <path>/contracts --services-root <path>/services
  maintainer_refresh_contract:
  - cargo parity-snapshot --output parity/source-lock.yaml --cow-sdk-root <path> --contracts-root <path> --services-root <path>
  - cargo parity-vendor-app-data-schemas --source-lock parity/source-lock.yaml --cow-sdk-root <path>
