meta:
  schema_version: 3
  generated_at_utc: 2026-05-29T00:00:00Z
  purpose: pinned upstream commits backing the committed parity fixtures and the inline alloy::sol! contract bindings
repositories:
- id: contracts
  remote: https://github.com/cowprotocol/contracts.git
  commit: c6b61ce75841ce4c25ab126def9cc981c568e6c6
  role: primary
  optional_local_path: <contracts-checkout>
  pinned_at: 2026-05-29T00:00:00Z
  pinned_by: cow-rs maintainers
  producer_paths:
  - src/ts/order.ts
  - src/ts/sign.ts
  - src/ts/settlement.ts
  - src/ts/interaction.ts
  - test/GPv2Order/PackOrderUidParams.t.sol
  - test/GPv2Order/ExtractOrderUidParams.t.sol
  - test/GPv2Trade/ExtractFlags.t.sol
  - test/GPv2Trade/ExtractOrder.t.sol
  - test/GPv2Settlement/OrderRefunds.t.sol
  - test/GPv2Settlement/Swap/Swap.t.sol
- id: services
  remote: https://github.com/cowprotocol/services.git
  commit: 1f80d54bc3521b3fa81cd8ad66d9f749c5450591
  role: wire-authority
  optional_local_path: <services-checkout>
  pinned_at: 2026-05-29T00:00:00Z
  pinned_by: cow-rs maintainers
  producer_paths:
  - crates/orderbook/openapi.yml
  - crates/shared/src/order_validation.rs
  - crates/orderbook/src/app_data.rs
  - crates/model/src/order.rs
  - crates/orderbook/src/quoter.rs
- id: composable-cow
  remote: https://github.com/cowprotocol/composable-cow.git
  commit: 471ca59aa95da1bbf3b03e002de96449bc78e6f0
  role: primary
  optional_local_path: <composable-cow-checkout>
  pinned_at: 2026-05-15T00:00:00Z
  pinned_by: cow-rs maintainers
  producer_paths:
  - networks.json
  - src/ComposableCoW.sol
  - src/BaseConditionalOrder.sol
  - src/types/twap/TWAP.sol
  - src/types/GoodAfterTime.sol
  - src/types/StopLoss.sol
  - src/types/TradeAboveThreshold.sol
  - src/types/PerpetualStableSwap.sol
  - src/interfaces/IConditionalOrder.sol
  - src/interfaces/ISwapGuard.sol
  - src/interfaces/IValueFactory.sol
- id: composable-cow/lib/safe
  remote: https://github.com/cowdao-grants/extensible-fallback-handler.git
  commit: 11273c1f08eda18ed8ff49ec1d4abec5e451ff21
  role: primary-via-submodule
  optional_local_path: <composable-cow-checkout>/lib/safe
  pinned_at: 2026-05-25T00:00:00Z
  pinned_by: cow-rs maintainers
  producer_paths:
  - contracts/handler/ExtensibleFallbackHandler.sol
  # Pins the `lib/safe` git submodule reference captured by the
  # composable-cow repository at
  # composable-cow@471ca59aa95da1bbf3b03e002de96449bc78e6f0. It anchors the
  # ExtensibleFallbackHandler deployment address resolved through the typed
  # Registry to a specific upstream submodule commit.
- id: cow-shed
  remote: https://github.com/cowdao-grants/cow-shed.git
  commit: 9e01a88e0010314ee1e4c1a822105897a87d3bda
  role: primary
  optional_local_path: <cow-shed-checkout>
  pinned_at: 2026-05-15T00:00:00Z
  pinned_by: cow-rs maintainers
  producer_paths:
  - networks.json
  - src/COWShed.sol
  - src/COWShedFactory.sol
  - src/COWShedForComposableCoW.sol
  - src/COWShedProxy.sol
  - src/COWShedStorage.sol
  - src/ERC1271Forwarder.sol
  - src/interfaces/ICOWAuthHook.sol
  - src/interfaces/IERC1271.sol
  - src/LibAuthenticatedHooks.sol
- id: ethflowcontract
  remote: https://github.com/cowprotocol/ethflowcontract.git
  commit: 762d182674f8f890bd27917872ee62125171b54d
  role: primary
  optional_local_path: <ethflowcontract-checkout>
  pinned_at: 2026-05-22T00:00:00Z
  pinned_by: cow-rs maintainers
  producer_paths:
  - src/CoWSwapEthFlow.sol
  - src/libraries/EthFlowOrder.sol
  - src/interfaces/ICoWSwapOnchainOrders.sol
  - src/mixins/CoWSwapOnchainOrders.sol
  - src/interfaces/IWrappedNativeToken.sol
- id: watch-tower
  remote: https://github.com/cowprotocol/watch-tower.git
  commit: 61eeaec55949337a42e66cb9d2439f400dd4e67a
  role: reference-only
  optional_local_path: <watch-tower-checkout>
  pinned_at: 2026-05-15T00:00:00Z
  pinned_by: cow-rs maintainers
  producer_paths:
  - README.md
  - src/utils/orderBookApi.ts
  - src/types/index.ts
fixtures:
- surface: contracts
  file: parity/fixtures/contracts.json
  source_refs:
  - repo: contracts
    path: src/ts/order.ts
  - repo: contracts
    path: src/ts/sign.ts
  - repo: contracts
    path: src/ts/settlement.ts
  - repo: contracts
    path: src/ts/interaction.ts
  - repo: contracts
    path: test/GPv2Order/PackOrderUidParams.t.sol
  - repo: contracts
    path: test/GPv2Order/ExtractOrderUidParams.t.sol
  - repo: contracts
    path: test/GPv2Trade/ExtractFlags.t.sol
  - repo: contracts
    path: test/GPv2Trade/ExtractOrder.t.sol
  - repo: contracts
    path: test/GPv2Settlement/OrderRefunds.t.sol
  - repo: contracts
    path: test/GPv2Settlement/Swap/Swap.t.sol
- surface: orderbook-request-order-creation
  file: parity/fixtures/orderbook-requests/order_creation.json
  source_refs:
  - repo: services
    path: crates/orderbook/openapi.yml
  - repo: services
    path: crates/shared/src/order_validation.rs
  - repo: services
    path: crates/model/src/order.rs
- surface: orderbook-request-order-quote
  file: parity/fixtures/orderbook-requests/order_quote_request.json
  source_refs:
  - repo: services
    path: crates/orderbook/openapi.yml
- surface: orderbook-request-app-data-put
  file: parity/fixtures/orderbook-requests/app_data_put.json
  source_refs:
  - repo: services
    path: crates/orderbook/openapi.yml
  - repo: services
    path: crates/orderbook/src/app_data.rs
- surface: orderbook-request-cancellations
  file: parity/fixtures/orderbook-requests/order_cancellations.json
  source_refs:
  - repo: services
    path: crates/orderbook/openapi.yml
- surface: trading
  file: parity/fixtures/trading.json
  source_refs:
  - repo: services
    path: crates/orderbook/openapi.yml
  - repo: services
    path: crates/orderbook/src/quoter.rs
  - repo: services
    path: crates/shared/src/order_validation.rs
