# Pinned upstream commits backing the committed parity fixtures and the
# inline alloy::sol! contract bindings. Validated by `cargo parity-validate`
# (xtask): typed parsing rejects unknown fields, every repository row is
# checked by form, and fixture provenance is validated per-file by globbing
# parity/fixtures/**/*.json — each fixture carries its own sources/standards
# header pinned to these rows. Pins are the only committed truth; every hash
# is derived from them at check time.
repositories:
- id: contracts
  remote: https://github.com/cowprotocol/contracts.git
  commit: c6b61ce75841ce4c25ab126def9cc981c568e6c6
  # why: GPv2 order/trade layout, EIP-712 type strings, the GPv2Signing domain block, the settlement and vault-relayer addresses, and the networks.json deployment manifest.
  producer_paths:
  - networks.json
  - src/contracts/mixins/GPv2Signing.sol
  - src/ts/order.ts
  - src/ts/sign.ts
  - src/ts/settlement.ts
  - src/ts/interaction.ts
  - test/GPv2Order/PackOrderUidParams.t.sol
  - test/GPv2Order/ExtractOrderUidParams.t.sol
  - test/GPv2Trade/ExtractFlags.t.sol
  - test/GPv2Trade/ExtractOrder.t.sol
  - test/GPv2Settlement/OrderRefunds.t.sol
  - test/GPv2Settlement/Swap/Swap.t.sol
- id: services
  remote: https://github.com/cowprotocol/services.git
  commit: 65b6953bfc2e96b2791cfb2382c7309d1fb19b99
  # why: orderbook wire DTOs, the OpenAPI schema (vendored to parity/openapi/services-orderbook.yml), order-validation rules, the solver-competition v2 producer, the flash-loan hint shape, and app-data hashing.
  producer_paths:
  - crates/app-data/src/app_data.rs
  - crates/model/src/order.rs
  - crates/model/src/solver_competition_v2.rs
  - crates/orderbook/openapi.yml
  - crates/orderbook/src/app_data.rs
  - crates/orderbook/src/quoter.rs
  - crates/shared/src/order_validation.rs
- id: cow-sdk
  remote: https://github.com/cowprotocol/cow-sdk.git
  commit: c931d7ecd67626736f5b8dff781741e727128c42
  # why: the canonical contract-address constants for both orderbook environments (staging settlement and vault-relayer deployments resolved by the typed Registry), the trading protocol-fee-with-partner-fee amount-composition goldens, the COW Shed deployed-runtime factory ABI and per-version constants (factory, implementation, proxy creation code) with their CREATE2 goldens, and the canonical app-data JSON Schema families (hooks, flashloan, quote, partnerFee, definitions) the parity/fixtures/app_data drift mirrors track.
  producer_paths:
  - packages/app-data/src/schemas/definitions.json
  - packages/app-data/src/schemas/flashloan/v0.2.0.json
  - packages/app-data/src/schemas/hook/v0.2.0.json
  - packages/app-data/src/schemas/hooks/v0.2.0.json
  - packages/app-data/src/schemas/partnerFee/v1.0.0.json
  - packages/app-data/src/schemas/quote/v1.1.0.json
  - packages/config/src/chains/const/contracts.ts
  - packages/cow-shed/src/abi/CowShedFactoryAbi.ts
  - packages/cow-shed/src/const.ts
  - packages/cow-shed/src/contracts/CoWShedHooks.test.ts
  - packages/trading/src/postCoWProtocolTrade.test.ts
- id: cow-shed
  remote: https://github.com/cowdao-grants/cow-shed.git
  commit: e15a131d626edbf779c8e44451566e2c36dbdb7d
  # why: the v1.0.1 tag — the DEPLOYED COW Shed generation the inline sol! bindings mirror (proxy, factory, hooks-hashing Solidity, the VERSION domain constant) and the networks.json rows of the v1.0.x deployments. Source HEAD has moved to the v2.x generations (ENS purge, pre-sign flow, composable forwarder), which are deployed only as the Gnosis chain-100 redeploy outside the supported version family (ADR 0049).
  producer_paths:
  - networks.json
  - src/COWShed.sol
  - src/COWShedFactory.sol
  - src/COWShedProxy.sol
  - src/ICOWAuthHook.sol
  - src/LibAuthenticatedHooks.sol
- id: ethflowcontract
  remote: https://github.com/cowprotocol/ethflowcontract.git
  commit: 762d182674f8f890bd27917872ee62125171b54d
  # why: the CoWSwapEthFlow contract, EthFlowOrder library, and on-chain-orders mixin behind the native-asset order path.
  producer_paths:
  - src/CoWSwapEthFlow.sol
  - src/libraries/EthFlowOrder.sol
  - src/interfaces/ICoWSwapOnchainOrders.sol
  - src/mixins/CoWSwapOnchainOrders.sol
  - src/interfaces/IWrappedNativeToken.sol
